// !$*UTF8*$!
{
	archiveVersion = 1;
	classes = {
	};
	objectVersion = 51;
	objects = {

/* Begin PBXBuildFile section */
		0B39FCF8D0B118FE19C77762 /* Pods_mit_borderline_app.framework in Frameworks */ = {isa = PBXBuildFile; fileRef = 8D998FE1257C0645BBC63E61 /* Pods_mit_borderline_app.framework */; };
		2680FFB0248DFF0A004C5CE3 /* elisa_young.mp4 in Resources */ = {isa = PBXBuildFile; fileRef = 2680FFAF248DFF0A004C5CE3 /* elisa_young.mp4 */; };
		2680FFB2248DFF49004C5CE3 /* logoAnimation.gif in Resources */ = {isa = PBXBuildFile; fileRef = 2680FFB1248DFF49004C5CE3 /* logoAnimation.gif */; };
		26A2DA1324859E6B00A926DE /* LogoAnimationView.swift in Sources */ = {isa = PBXBuildFile; fileRef = 26A2DA1224859E6B00A926DE /* LogoAnimationView.swift */; };
		26A2DA172485A25E00A926DE /* UIView+Constraints.swift in Sources */ = {isa = PBXBuildFile; fileRef = 26A2DA162485A25E00A926DE /* UIView+Constraints.swift */; };
		26CF038024858BD2003D1AB7 /* AppDelegate.swift in Sources */ = {isa = PBXBuildFile; fileRef = 26CF037F24858BD2003D1AB7 /* AppDelegate.swift */; };
		26CF038224858BD2003D1AB7 /* SceneDelegate.swift in Sources */ = {isa = PBXBuildFile; fileRef = 26CF038124858BD2003D1AB7 /* SceneDelegate.swift */; };
		26CF038424858BD2003D1AB7 /* ViewController.swift in Sources */ = {isa = PBXBuildFile; fileRef = 26CF038324858BD2003D1AB7 /* ViewController.swift */; };
		26CF038724858BD2003D1AB7 /* Main.storyboard in Resources */ = {isa = PBXBuildFile; fileRef = 26CF038524858BD2003D1AB7 /* Main.storyboard */; };
		26CF038924858BD3003D1AB7 /* Assets.xcassets in Resources */ = {isa = PBXBuildFile; fileRef = 26CF038824858BD3003D1AB7 /* Assets.xcassets */; };
		26CF038C24858BD3003D1AB7 /* LaunchScreen.storyboard in Resources */ = {isa = PBXBuildFile; fileRef = 26CF038A24858BD3003D1AB7 /* LaunchScreen.storyboard */; };
		26CF039724858BD3003D1AB7 /* mit_borderline_appTests.swift in Sources */ = {isa = PBXBuildFile; fileRef = 26CF039624858BD3003D1AB7 /* mit_borderline_appTests.swift */; };
		26CF03A224858BD4003D1AB7 /* mit_borderline_appUITests.swift in Sources */ = {isa = PBXBuildFile; fileRef = 26CF03A124858BD4003D1AB7 /* mit_borderline_appUITests.swift */; };
		4C26F8E88E6CF9AFF1C061AB /* Pods_mit_borderline_appTests.framework in Frameworks */ = {isa = PBXBuildFile; fileRef = 4C2B9A8B14FC7B66A7F202E2 /* Pods_mit_borderline_appTests.framework */; };
		D2E9D6FB173583980AD73982 /* Pods_mit_borderline_app_mit_borderline_appUITests.framework in Frameworks */ = {isa = PBXBuildFile; fileRef = 93D7B060E10D2A2B0F1A604B /* Pods_mit_borderline_app_mit_borderline_appUITests.framework */; };
/* End PBXBuildFile section */

/* Begin PBXContainerItemProxy section */
		26CF039324858BD3003D1AB7 /* PBXContainerItemProxy */ = {
			isa = PBXContainerItemProxy;
			containerPortal = 26CF037424858BD2003D1AB7 /* Project object */;
			proxyType = 1;
			remoteGlobalIDString = 26CF037B24858BD2003D1AB7;
			remoteInfo = "mit-borderline-app";
		};
		26CF039E24858BD4003D1AB7 /* PBXContainerItemProxy */ = {
			isa = PBXContainerItemProxy;
			containerPortal = 26CF037424858BD2003D1AB7 /* Project object */;
			proxyType = 1;
			remoteGlobalIDString = 26CF037B24858BD2003D1AB7;
			remoteInfo = "mit-borderline-app";
		};
/* End PBXContainerItemProxy section */

/* Begin PBXFileReference section */
		1395538D13F77F1B47FEBFD4 /* Pods-mit-borderline-app-mit-borderline-appUITests.release.xcconfig */ = {isa = PBXFileReference; includeInIndex = 1; lastKnownFileType = text.xcconfig; name = "Pods-mit-borderline-app-mit-borderline-appUITests.release.xcconfig"; path = "Target Support Files/Pods-mit-borderline-app-mit-borderline-appUITests/Pods-mit-borderline-app-mit-borderline-appUITests.release.xcconfig"; sourceTree = "<group>"; };
		2680FFAF248DFF0A004C5CE3 /* elisa_young.mp4 */ = {isa = PBXFileReference; lastKnownFileType = file; path = elisa_young.mp4; sourceTree = "<group>"; };
		2680FFB1248DFF49004C5CE3 /* logoAnimation.gif */ = {isa = PBXFileReference; lastKnownFileType = image.gif; path = logoAnimation.gif; sourceTree = "<group>"; };
		26A2DA1224859E6B00A926DE /* LogoAnimationView.swift */ = {isa = PBXFileReference; lastKnownFileType = sourcecode.swift; path = LogoAnimationView.swift; sourceTree = "<group>"; };
		26A2DA162485A25E00A926DE /* UIView+Constraints.swift */ = {isa = PBXFileReference; lastKnownFileType = sourcecode.swift; path = "UIView+Constraints.swift"; sourceTree = "<group>"; };
		26CF037C24858BD2003D1AB7 /* mit-borderline-app.app */ = {isa = PBXFileReference; explicitFileType = wrapper.application; includeInIndex = 0; path = "mit-borderline-app.app"; sourceTree = BUILT_PRODUCTS_DIR; };
		26CF037F24858BD2003D1AB7 /* AppDelegate.swift */ = {isa = PBXFileReference; lastKnownFileType = sourcecode.swift; path = AppDelegate.swift; sourceTree = "<group>"; };
		26CF038124858BD2003D1AB7 /* SceneDelegate.swift */ = {isa = PBXFileReference; lastKnownFileType = sourcecode.swift; path = SceneDelegate.swift; sourceTree = "<group>"; };
		26CF038324858BD2003D1AB7 /* ViewController.swift */ = {isa = PBXFileReference; lastKnownFileType = sourcecode.swift; path = ViewController.swift; sourceTree = "<group>"; };
		26CF038624858BD2003D1AB7 /* Base */ = {isa = PBXFileReference; lastKnownFileType = file.storyboard; name = Base; path = Base.lproj/Main.storyboard; sourceTree = "<group>"; };
		26CF038824858BD3003D1AB7 /* Assets.xcassets */ = {isa = PBXFileReference; lastKnownFileType = folder.assetcatalog; path = Assets.xcassets; sourceTree = "<group>"; };
		26CF038B24858BD3003D1AB7 /* Base */ = {isa = PBXFileReference; lastKnownFileType = file.storyboard; name = Base; path = Base.lproj/LaunchScreen.storyboard; sourceTree = "<group>"; };
		26CF038D24858BD3003D1AB7 /* Info.plist */ = {isa = PBXFileReference; lastKnownFileType = text.plist.xml; path = Info.plist; sourceTree = "<group>"; };
		26CF039224858BD3003D1AB7 /* mit-borderline-appTests.xctest */ = {isa = PBXFileReference; explicitFileType = wrapper.cfbundle; includeInIndex = 0; path = "mit-borderline-appTests.xctest"; sourceTree = BUILT_PRODUCTS_DIR; };
		26CF039624858BD3003D1AB7 /* mit_borderline_appTests.swift */ = {isa = PBXFileReference; lastKnownFileType = sourcecode.swift; path = mit_borderline_appTests.swift; sourceTree = "<group>"; };
		26CF039824858BD3003D1AB7 /* Info.plist */ = {isa = PBXFileReference; lastKnownFileType = text.plist.xml; path = Info.plist; sourceTree = "<group>"; };
		26CF039D24858BD4003D1AB7 /* mit-borderline-appUITests.xctest */ = {isa = PBXFileReference; explicitFileType = wrapper.cfbundle; includeInIndex = 0; path = "mit-borderline-appUITests.xctest"; sourceTree = BUILT_PRODUCTS_DIR; };
		26CF03A124858BD4003D1AB7 /* mit_borderline_appUITests.swift */ = {isa = PBXFileReference; lastKnownFileType = sourcecode.swift; path = mit_borderline_appUITests.swift; sourceTree = "<group>"; };
		26CF03A324858BD4003D1AB7 /* Info.plist */ = {isa = PBXFileReference; lastKnownFileType = text.plist.xml; path = Info.plist; sourceTree = "<group>"; };
		4C2B9A8B14FC7B66A7F202E2 /* Pods_mit_borderline_appTests.framework */ = {isa = PBXFileReference; explicitFileType = wrapper.framework; includeInIndex = 0; path = Pods_mit_borderline_appTests.framework; sourceTree = BUILT_PRODUCTS_DIR; };
		6AF639E99591E6D2083CF0CD /* Pods-mit-borderline-appTests.release.xcconfig */ = {isa = PBXFileReference; includeInIndex = 1; lastKnownFileType = text.xcconfig; name = "Pods-mit-borderline-appTests.release.xcconfig"; path = "Target Support Files/Pods-mit-borderline-appTests/Pods-mit-borderline-appTests.release.xcconfig"; sourceTree = "<group>"; };
		8D998FE1257C0645BBC63E61 /* Pods_mit_borderline_app.framework */ = {isa = PBXFileReference; explicitFileType = wrapper.framework; includeInIndex = 0; path = Pods_mit_borderline_app.framework; sourceTree = BUILT_PRODUCTS_DIR; };
		93D7B060E10D2A2B0F1A604B /* Pods_mit_borderline_app_mit_borderline_appUITests.framework */ = {isa = PBXFileReference; explicitFileType = wrapper.framework; includeInIndex = 0; path = Pods_mit_borderline_app_mit_borderline_appUITests.framework; sourceTree = BUILT_PRODUCTS_DIR; };
		951FB6FEFFBA1CFC3C1F8363 /* Pods-mit-borderline-app-mit-borderline-appUITests.debug.xcconfig */ = {isa = PBXFileReference; includeInIndex = 1; lastKnownFileType = text.xcconfig; name = "Pods-mit-borderline-app-mit-borderline-appUITests.debug.xcconfig"; path = "Target Support Files/Pods-mit-borderline-app-mit-borderline-appUITests/Pods-mit-borderline-app-mit-borderline-appUITests.debug.xcconfig"; sourceTree = "<group>"; };
		9931EC0AAD57202CF642FAED /* Pods-mit-borderline-appTests.debug.xcconfig */ = {isa = PBXFileReference; includeInIndex = 1; lastKnownFileType = text.xcconfig; name = "Pods-mit-borderline-appTests.debug.xcconfig"; path = "Target Support Files/Pods-mit-borderline-appTests/Pods-mit-borderline-appTests.debug.xcconfig"; sourceTree = "<group>"; };
		BC240FAED8468D9BA67C432B /* Pods-mit-borderline-app.release.xcconfig */ = {isa = PBXFileReference; includeInIndex = 1; lastKnownFileType = text.xcconfig; name = "Pods-mit-borderline-app.release.xcconfig"; path = "Target Support Files/Pods-mit-borderline-app/Pods-mit-borderline-app.release.xcconfig"; sourceTree = "<group>"; };
		C5EAA676D4556433B8BBE7C2 /* Pods-mit-borderline-app.debug.xcconfig */ = {isa = PBXFileReference; includeInIndex = 1; lastKnownFileType = text.xcconfig; name = "Pods-mit-borderline-app.debug.xcconfig"; path = "Target Support Files/Pods-mit-borderline-app/Pods-mit-borderline-app.debug.xcconfig"; sourceTree = "<group>"; };
/* End PBXFileReference section */

/* Begin PBXFrameworksBuildPhase section */
		26CF037924858BD2003D1AB7 /* Frameworks */ = {
			isa = PBXFrameworksBuildPhase;
			buildActionMask = 2147483647;
			files = (
				0B39FCF8D0B118FE19C77762 /* Pods_mit_borderline_app.framework in Frameworks */,
			);
			runOnlyForDeploymentPostprocessing = 0;
		};
		26CF038F24858BD3003D1AB7 /* Frameworks */ = {
			isa = PBXFrameworksBuildPhase;
			buildActionMask = 2147483647;
			files = (
				4C26F8E88E6CF9AFF1C061AB /* Pods_mit_borderline_appTests.framework in Frameworks */,
			);
			runOnlyForDeploymentPostprocessing = 0;
		};
		26CF039A24858BD4003D1AB7 /* Frameworks */ = {
			isa = PBXFrameworksBuildPhase;
			buildActionMask = 2147483647;
			files = (
				D2E9D6FB173583980AD73982 /* Pods_mit_borderline_app_mit_borderline_appUITests.framework in Frameworks */,
			);
			runOnlyForDeploymentPostprocessing = 0;
		};
/* End PBXFrameworksBuildPhase section */

/* Begin PBXGroup section */
		26A2DA182485DE4700A926DE /* Views */ = {
			isa = PBXGroup;
			children = (
				26CF038A24858BD3003D1AB7 /* LaunchScreen.storyboard */,
				26CF038524858BD2003D1AB7 /* Main.storyboard */,
			);
			path = Views;
			sourceTree = "<group>";
		};
		26A2DA192485DE9D00A926DE /* Controllers */ = {
			isa = PBXGroup;
			children = (
				26CF038324858BD2003D1AB7 /* ViewController.swift */,
			);
			path = Controllers;
			sourceTree = "<group>";
		};
		26A2DA1A2485DEC700A926DE /* Utils */ = {
			isa = PBXGroup;
			children = (
				26A2DA1224859E6B00A926DE /* LogoAnimationView.swift */,
				26A2DA162485A25E00A926DE /* UIView+Constraints.swift */,
			);
			path = Utils;
			sourceTree = "<group>";
		};
		26CF037324858BD2003D1AB7 = {
			isa = PBXGroup;
			children = (
				26CF037E24858BD2003D1AB7 /* mit-borderline-app */,
				26CF039524858BD3003D1AB7 /* mit-borderline-appTests */,
				26CF03A024858BD4003D1AB7 /* mit-borderline-appUITests */,
				26CF037D24858BD2003D1AB7 /* Products */,
				A89104793EAA4C06CF81529F /* Pods */,
				F6B44179638254AE693A0F82 /* Frameworks */,
			);
			sourceTree = "<group>";
		};
		26CF037D24858BD2003D1AB7 /* Products */ = {
			isa = PBXGroup;
			children = (
				26CF037C24858BD2003D1AB7 /* mit-borderline-app.app */,
				26CF039224858BD3003D1AB7 /* mit-borderline-appTests.xctest */,
				26CF039D24858BD4003D1AB7 /* mit-borderline-appUITests.xctest */,
			);
			name = Products;
			sourceTree = "<group>";
		};
		26CF037E24858BD2003D1AB7 /* mit-borderline-app */ = {
			isa = PBXGroup;
			children = (
				2680FFAF248DFF0A004C5CE3 /* elisa_young.mp4 */,
				26CF037F24858BD2003D1AB7 /* AppDelegate.swift */,
				26CF038124858BD2003D1AB7 /* SceneDelegate.swift */,
				26A2DA182485DE4700A926DE /* Views */,
				26A2DA192485DE9D00A926DE /* Controllers */,
				26A2DA1A2485DEC700A926DE /* Utils */,
				26CF038824858BD3003D1AB7 /* Assets.xcassets */,
				26CF038D24858BD3003D1AB7 /* Info.plist */,
				2680FFB1248DFF49004C5CE3 /* logoAnimation.gif */,
			);
			path = "mit-borderline-app";
			sourceTree = "<group>";
		};
		26CF039524858BD3003D1AB7 /* mit-borderline-appTests */ = {
			isa = PBXGroup;
			children = (
				26CF039624858BD3003D1AB7 /* mit_borderline_appTests.swift */,
				26CF039824858BD3003D1AB7 /* Info.plist */,
			);
			path = "mit-borderline-appTests";
			sourceTree = "<group>";
		};
		26CF03A024858BD4003D1AB7 /* mit-borderline-appUITests */ = {
			isa = PBXGroup;
			children = (
				26CF03A124858BD4003D1AB7 /* mit_borderline_appUITests.swift */,
				26CF03A324858BD4003D1AB7 /* Info.plist */,
			);
			path = "mit-borderline-appUITests";
			sourceTree = "<group>";
		};
		A89104793EAA4C06CF81529F /* Pods */ = {
			isa = PBXGroup;
			children = (
				C5EAA676D4556433B8BBE7C2 /* Pods-mit-borderline-app.debug.xcconfig */,
				BC240FAED8468D9BA67C432B /* Pods-mit-borderline-app.release.xcconfig */,
				951FB6FEFFBA1CFC3C1F8363 /* Pods-mit-borderline-app-mit-borderline-appUITests.debug.xcconfig */,
				1395538D13F77F1B47FEBFD4 /* Pods-mit-borderline-app-mit-borderline-appUITests.release.xcconfig */,
				9931EC0AAD57202CF642FAED /* Pods-mit-borderline-appTests.debug.xcconfig */,
				6AF639E99591E6D2083CF0CD /* Pods-mit-borderline-appTests.release.xcconfig */,
			);
			path = Pods;
			sourceTree = "<group>";
		};
		F6B44179638254AE693A0F82 /* Frameworks */ = {
			isa = PBXGroup;
			children = (
				8D998FE1257C0645BBC63E61 /* Pods_mit_borderline_app.framework */,
				93D7B060E10D2A2B0F1A604B /* Pods_mit_borderline_app_mit_borderline_appUITests.framework */,
				4C2B9A8B14FC7B66A7F202E2 /* Pods_mit_borderline_appTests.framework */,
			);
			name = Frameworks;
			sourceTree = "<group>";
		};
/* End PBXGroup section */

/* Begin PBXNativeTarget section */
		26CF037B24858BD2003D1AB7 /* mit-borderline-app */ = {
			isa = PBXNativeTarget;
			buildConfigurationList = 26CF03A624858BD4003D1AB7 /* Build configuration list for PBXNativeTarget "mit-borderline-app" */;
			buildPhases = (
				2E9833B918771BD246661D9C /* [CP] Check Pods Manifest.lock */,
				26CF037824858BD2003D1AB7 /* Sources */,
				26CF037924858BD2003D1AB7 /* Frameworks */,
				26CF037A24858BD2003D1AB7 /* Resources */,
				BA8D418D2E7CD26371A8B309 /* [CP] Embed Pods Frameworks */,
			);
			buildRules = (
			);
			dependencies = (
			);
			name = "mit-borderline-app";
			productName = "mit-borderline-app";
			productReference = 26CF037C24858BD2003D1AB7 /* mit-borderline-app.app */;
			productType = "com.apple.product-type.application";
		};
		26CF039124858BD3003D1AB7 /* mit-borderline-appTests */ = {
			isa = PBXNativeTarget;
			buildConfigurationList = 26CF03A924858BD4003D1AB7 /* Build configuration list for PBXNativeTarget "mit-borderline-appTests" */;
			buildPhases = (
				3AAE733B5D3052B0123795E1 /* [CP] Check Pods Manifest.lock */,
				26CF038E24858BD3003D1AB7 /* Sources */,
				26CF038F24858BD3003D1AB7 /* Frameworks */,
				26CF039024858BD3003D1AB7 /* Resources */,
			);
			buildRules = (
			);
			dependencies = (
				26CF039424858BD3003D1AB7 /* PBXTargetDependency */,
			);
			name = "mit-borderline-appTests";
			productName = "mit-borderline-appTests";
			productReference = 26CF039224858BD3003D1AB7 /* mit-borderline-appTests.xctest */;
			productType = "com.apple.product-type.bundle.unit-test";
		};
		26CF039C24858BD4003D1AB7 /* mit-borderline-appUITests */ = {
			isa = PBXNativeTarget;
			buildConfigurationList = 26CF03AC24858BD4003D1AB7 /* Build configuration list for PBXNativeTarget "mit-borderline-appUITests" */;
			buildPhases = (
				99E5CF12BFFA16446163B03B /* [CP] Check Pods Manifest.lock */,
				26CF039924858BD4003D1AB7 /* Sources */,
				26CF039A24858BD4003D1AB7 /* Frameworks */,
				26CF039B24858BD4003D1AB7 /* Resources */,
				195616E19E183D996A627DC3 /* [CP] Embed Pods Frameworks */,
			);
			buildRules = (
			);
			dependencies = (
				26CF039F24858BD4003D1AB7 /* PBXTargetDependency */,
			);
			name = "mit-borderline-appUITests";
			productName = "mit-borderline-appUITests";
			productReference = 26CF039D24858BD4003D1AB7 /* mit-borderline-appUITests.xctest */;
			productType = "com.apple.product-type.bundle.ui-testing";
		};
/* End PBXNativeTarget section */

/* Begin PBXProject section */
		26CF037424858BD2003D1AB7 /* Project object */ = {
			isa = PBXProject;
			attributes = {
				LastSwiftUpdateCheck = 1130;
				LastUpgradeCheck = 1130;
				ORGANIZATIONNAME = "Elaine Xiao";
				TargetAttributes = {
					26CF037B24858BD2003D1AB7 = {
						CreatedOnToolsVersion = 11.3;
					};
					26CF039124858BD3003D1AB7 = {
						CreatedOnToolsVersion = 11.3;
						TestTargetID = 26CF037B24858BD2003D1AB7;
					};
					26CF039C24858BD4003D1AB7 = {
						CreatedOnToolsVersion = 11.3;
						TestTargetID = 26CF037B24858BD2003D1AB7;
					};
				};
			};
			buildConfigurationList = 26CF037724858BD2003D1AB7 /* Build configuration list for PBXProject "mit-borderline-app" */;
			compatibilityVersion = "Xcode 9.3";
			developmentRegion = en;
			hasScannedForEncodings = 0;
			knownRegions = (
				en,
				Base,
			);
			mainGroup = 26CF037324858BD2003D1AB7;
			productRefGroup = 26CF037D24858BD2003D1AB7 /* Products */;
			projectDirPath = "";
			projectRoot = "";
			targets = (
				26CF037B24858BD2003D1AB7 /* mit-borderline-app */,
				26CF039124858BD3003D1AB7 /* mit-borderline-appTests */,
				26CF039C24858BD4003D1AB7 /* mit-borderline-appUITests */,
			);
		};
/* End PBXProject section */

/* Begin PBXResourcesBuildPhase section */
		26CF037A24858BD2003D1AB7 /* Resources */ = {
			isa = PBXResourcesBuildPhase;
			buildActionMask = 2147483647;
			files = (
				26CF038C24858BD3003D1AB7 /* LaunchScreen.storyboard in Resources */,
				26CF038924858BD3003D1AB7 /* Assets.xcassets in Resources */,
				2680FFB0248DFF0A004C5CE3 /* elisa_young.mp4 in Resources */,
				2680FFB2248DFF49004C5CE3 /* logoAnimation.gif in Resources */,
				26CF038724858BD2003D1AB7 /* Main.storyboard in Resources */,
			);
			runOnlyForDeploymentPostprocessing = 0;
		};
		26CF039024858BD3003D1AB7 /* Resources */ = {
			isa = PBXResourcesBuildPhase;
			buildActionMask = 2147483647;
			files = (
			);
			runOnlyForDeploymentPostprocessing = 0;
		};
		26CF039B24858BD4003D1AB7 /* Resources */ = {
			isa = PBXResourcesBuildPhase;
			buildActionMask = 2147483647;
			files = (
			);
			runOnlyForDeploymentPostprocessing = 0;
		};
/* End PBXResourcesBuildPhase section */

/* Begin PBXShellScriptBuildPhase section */
		195616E19E183D996A627DC3 /* [CP] Embed Pods Frameworks */ = {
			isa = PBXShellScriptBuildPhase;
			buildActionMask = 2147483647;
			files = (
			);
			inputFileListPaths = (
				"${PODS_ROOT}/Target Support Files/Pods-mit-borderline-app-mit-borderline-appUITests/Pods-mit-borderline-app-mit-borderline-appUITests-frameworks-${CONFIGURATION}-input-files.xcfilelist",
			);
			name = "[CP] Embed Pods Frameworks";
			outputFileListPaths = (
				"${PODS_ROOT}/Target Support Files/Pods-mit-borderline-app-mit-borderline-appUITests/Pods-mit-borderline-app-mit-borderline-appUITests-frameworks-${CONFIGURATION}-output-files.xcfilelist",
			);
			runOnlyForDeploymentPostprocessing = 0;
			shellPath = /bin/sh;
			shellScript = "\"${PODS_ROOT}/Target Support Files/Pods-mit-borderline-app-mit-borderline-appUITests/Pods-mit-borderline-app-mit-borderline-appUITests-frameworks.sh\"\n";
			showEnvVarsInLog = 0;
		};
		2E9833B918771BD246661D9C /* [CP] Check Pods Manifest.lock */ = {
			isa = PBXShellScriptBuildPhase;
			buildActionMask = 2147483647;
			files = (
			);
			inputFileListPaths = (
			);
			inputPaths = (
				"${PODS_PODFILE_DIR_PATH}/Podfile.lock",
				"${PODS_ROOT}/Manifest.lock",
			);
			name = "[CP] Check Pods Manifest.lock";
			outputFileListPaths = (
			);
			outputPaths = (
				"$(DERIVED_FILE_DIR)/Pods-mit-borderline-app-checkManifestLockResult.txt",
			);
			runOnlyForDeploymentPostprocessing = 0;
			shellPath = /bin/sh;
			shellScript = "diff \"${PODS_PODFILE_DIR_PATH}/Podfile.lock\" \"${PODS_ROOT}/Manifest.lock\" > /dev/null\nif [ $? != 0 ] ; then\n    # print error to STDERR\n    echo \"error: The sandbox is not in sync with the Podfile.lock. Run 'pod install' or update your CocoaPods installation.\" >&2\n    exit 1\nfi\n# This output is used by Xcode 'outputs' to avoid re-running this script phase.\necho \"SUCCESS\" > \"${SCRIPT_OUTPUT_FILE_0}\"\n";
			showEnvVarsInLog = 0;
		};
		3AAE733B5D3052B0123795E1 /* [CP] Check Pods Manifest.lock */ = {
			isa = PBXShellScriptBuildPhase;
			buildActionMask = 2147483647;
			files = (
			);
			inputFileListPaths = (
			);
			inputPaths = (
				"${PODS_PODFILE_DIR_PATH}/Podfile.lock",
				"${PODS_ROOT}/Manifest.lock",
			);
			name = "[CP] Check Pods Manifest.lock";
			outputFileListPaths = (
			);
			outputPaths = (
				"$(DERIVED_FILE_DIR)/Pods-mit-borderline-appTests-checkManifestLockResult.txt",
			);
			runOnlyForDeploymentPostprocessing = 0;
			shellPath = /bin/sh;
			shellScript = "diff \"${PODS_PODFILE_DIR_PATH}/Podfile.lock\" \"${PODS_ROOT}/Manifest.lock\" > /dev/null\nif [ $? != 0 ] ; then\n    # print error to STDERR\n    echo \"error: The sandbox is not in sync with the Podfile.lock. Run 'pod install' or update your CocoaPods installation.\" >&2\n    exit 1\nfi\n# This output is used by Xcode 'outputs' to avoid re-running this script phase.\necho \"SUCCESS\" > \"${SCRIPT_OUTPUT_FILE_0}\"\n";
			showEnvVarsInLog = 0;
		};
		99E5CF12BFFA16446163B03B /* [CP] Check Pods Manifest.lock */ = {
			isa = PBXShellScriptBuildPhase;
			buildActionMask = 2147483647;
			files = (
			);
			inputFileListPaths = (
			);
			inputPaths = (
				"${PODS_PODFILE_DIR_PATH}/Podfile.lock",
				"${PODS_ROOT}/Manifest.lock",
			);
			name = "[CP] Check Pods Manifest.lock";
			outputFileListPaths = (
			);
			outputPaths = (
				"$(DERIVED_FILE_DIR)/Pods-mit-borderline-app-mit-borderline-appUITests-checkManifestLockResult.txt",
			);
			runOnlyForDeploymentPostprocessing = 0;
			shellPath = /bin/sh;
			shellScript = "diff \"${PODS_PODFILE_DIR_PATH}/Podfile.lock\" \"${PODS_ROOT}/Manifest.lock\" > /dev/null\nif [ $? != 0 ] ; then\n    # print error to STDERR\n    echo \"error: The sandbox is not in sync with the Podfile.lock. Run 'pod install' or update your CocoaPods installation.\" >&2\n    exit 1\nfi\n# This output is used by Xcode 'outputs' to avoid re-running this script phase.\necho \"SUCCESS\" > \"${SCRIPT_OUTPUT_FILE_0}\"\n";
			showEnvVarsInLog = 0;
		};
		BA8D418D2E7CD26371A8B309 /* [CP] Embed Pods Frameworks */ = {
			isa = PBXShellScriptBuildPhase;
			buildActionMask = 2147483647;
			files = (
			);
			inputFileListPaths = (
				"${PODS_ROOT}/Target Support Files/Pods-mit-borderline-app/Pods-mit-borderline-app-frameworks-${CONFIGURATION}-input-files.xcfilelist",
			);
			name = "[CP] Embed Pods Frameworks";
			outputFileListPaths = (
				"${PODS_ROOT}/Target Support Files/Pods-mit-borderline-app/Pods-mit-borderline-app-frameworks-${CONFIGURATION}-output-files.xcfilelist",
			);
			runOnlyForDeploymentPostprocessing = 0;
			shellPath = /bin/sh;
			shellScript = "\"${PODS_ROOT}/Target Support Files/Pods-mit-borderline-app/Pods-mit-borderline-app-frameworks.sh\"\n";
			showEnvVarsInLog = 0;
		};
/* End PBXShellScriptBuildPhase section */

/* Begin PBXSourcesBuildPhase section */
		26CF037824858BD2003D1AB7 /* Sources */ = {
			isa = PBXSourcesBuildPhase;
			buildActionMask = 2147483647;
			files = (
				26CF038424858BD2003D1AB7 /* ViewController.swift in Sources */,
				26CF038024858BD2003D1AB7 /* AppDelegate.swift in Sources */,
				26A2DA172485A25E00A926DE /* UIView+Constraints.swift in Sources */,
				26A2DA1324859E6B00A926DE /* LogoAnimationView.swift in Sources */,
				26CF038224858BD2003D1AB7 /* SceneDelegate.swift in Sources */,
			);
			runOnlyForDeploymentPostprocessing = 0;
		};
		26CF038E24858BD3003D1AB7 /* Sources */ = {
			isa = PBXSourcesBuildPhase;
			buildActionMask = 2147483647;
			files = (
				26CF039724858BD3003D1AB7 /* mit_borderline_appTests.swift in Sources */,
			);
			runOnlyForDeploymentPostprocessing = 0;
		};
		26CF039924858BD4003D1AB7 /* Sources */ = {
			isa = PBXSourcesBuildPhase;
			buildActionMask = 2147483647;
			files = (
				26CF03A224858BD4003D1AB7 /* mit_borderline_appUITests.swift in Sources */,
			);
			runOnlyForDeploymentPostprocessing = 0;
		};
/* End PBXSourcesBuildPhase section */

/* Begin PBXTargetDependency section */
		26CF039424858BD3003D1AB7 /* PBXTargetDependency */ = {
			isa = PBXTargetDependency;
			target = 26CF037B24858BD2003D1AB7 /* mit-borderline-app */;
			targetProxy = 26CF039324858BD3003D1AB7 /* PBXContainerItemProxy */;
		};
		26CF039F24858BD4003D1AB7 /* PBXTargetDependency */ = {
			isa = PBXTargetDependency;
			target = 26CF037B24858BD2003D1AB7 /* mit-borderline-app */;
			targetProxy = 26CF039E24858BD4003D1AB7 /* PBXContainerItemProxy */;
		};
/* End PBXTargetDependency section */

/* Begin PBXVariantGroup section */
		26CF038524858BD2003D1AB7 /* Main.storyboard */ = {
			isa = PBXVariantGroup;
			children = (
				26CF038624858BD2003D1AB7 /* Base */,
			);
			name = Main.storyboard;
			sourceTree = "<group>";
		};
		26CF038A24858BD3003D1AB7 /* LaunchScreen.storyboard */ = {
			isa = PBXVariantGroup;
			children = (
				26CF038B24858BD3003D1AB7 /* Base */,
			);
			name = LaunchScreen.storyboard;
			sourceTree = "<group>";
		};
/* End PBXVariantGroup section */

/* Begin XCBuildConfiguration section */
		26CF03A424858BD4003D1AB7 /* Debug */ = {
			isa = XCBuildConfiguration;
			buildSettings = {
				ALWAYS_SEARCH_USER_PATHS = NO;
				CLANG_ANALYZER_NONNULL = YES;
				CLANG_ANALYZER_NUMBER_OBJECT_CONVERSION = YES_AGGRESSIVE;
				CLANG_CXX_LANGUAGE_STANDARD = "gnu++14";
				CLANG_CXX_LIBRARY = "libc++";
				CLANG_ENABLE_MODULES = YES;
				CLANG_ENABLE_OBJC_ARC = YES;
				CLANG_ENABLE_OBJC_WEAK = YES;
				CLANG_WARN_BLOCK_CAPTURE_AUTORELEASING = YES;
				CLANG_WARN_BOOL_CONVERSION = YES;
				CLANG_WARN_COMMA = YES;
				CLANG_WARN_CONSTANT_CONVERSION = YES;
				CLANG_WARN_DEPRECATED_OBJC_IMPLEMENTATIONS = YES;
				CLANG_WARN_DIRECT_OBJC_ISA_USAGE = YES_ERROR;
				CLANG_WARN_DOCUMENTATION_COMMENTS = YES;
				CLANG_WARN_EMPTY_BODY = YES;
				CLANG_WARN_ENUM_CONVERSION = YES;
				CLANG_WARN_INFINITE_RECURSION = YES;
				CLANG_WARN_INT_CONVERSION = YES;
				CLANG_WARN_NON_LITERAL_NULL_CONVERSION = YES;
				CLANG_WARN_OBJC_IMPLICIT_RETAIN_SELF = YES;
				CLANG_WARN_OBJC_LITERAL_CONVERSION = YES;
				CLANG_WARN_OBJC_ROOT_CLASS = YES_ERROR;
				CLANG_WARN_RANGE_LOOP_ANALYSIS = YES;
				CLANG_WARN_STRICT_PROTOTYPES = YES;
				CLANG_WARN_SUSPICIOUS_MOVE = YES;
				CLANG_WARN_UNGUARDED_AVAILABILITY = YES_AGGRESSIVE;
				CLANG_WARN_UNREACHABLE_CODE = YES;
				CLANG_WARN__DUPLICATE_METHOD_MATCH = YES;
				COPY_PHASE_STRIP = NO;
				DEBUG_INFORMATION_FORMAT = dwarf;
				ENABLE_STRICT_OBJC_MSGSEND = YES;
				ENABLE_TESTABILITY = YES;
				GCC_C_LANGUAGE_STANDARD = gnu11;
				GCC_DYNAMIC_NO_PIC = NO;
				GCC_NO_COMMON_BLOCKS = YES;
				GCC_OPTIMIZATION_LEVEL = 0;
				GCC_PREPROCESSOR_DEFINITIONS = (
					"DEBUG=1",
					"$(inherited)",
				);
				GCC_WARN_64_TO_32_BIT_CONVERSION = YES;
				GCC_WARN_ABOUT_RETURN_TYPE = YES_ERROR;
				GCC_WARN_UNDECLARED_SELECTOR = YES;
				GCC_WARN_UNINITIALIZED_AUTOS = YES_AGGRESSIVE;
				GCC_WARN_UNUSED_FUNCTION = YES;
				GCC_WARN_UNUSED_VARIABLE = YES;
				IPHONEOS_DEPLOYMENT_TARGET = 13.2;
				MTL_ENABLE_DEBUG_INFO = INCLUDE_SOURCE;
				MTL_FAST_MATH = YES;
				ONLY_ACTIVE_ARCH = YES;
				SDKROOT = iphoneos;
				SWIFT_ACTIVE_COMPILATION_CONDITIONS = DEBUG;
				SWIFT_OPTIMIZATION_LEVEL = "-Onone";
			};
			name = Debug;
		};
		26CF03A524858BD4003D1AB7 /* Release */ = {
			isa = XCBuildConfiguration;
			buildSettings = {
				ALWAYS_SEARCH_USER_PATHS = NO;
				CLANG_ANALYZER_NONNULL = YES;
				CLANG_ANALYZER_NUMBER_OBJECT_CONVERSION = YES_AGGRESSIVE;
				CLANG_CXX_LANGUAGE_STANDARD = "gnu++14";
				CLANG_CXX_LIBRARY = "libc++";
				CLANG_ENABLE_MODULES = YES;
				CLANG_ENABLE_OBJC_ARC = YES;
				CLANG_ENABLE_OBJC_WEAK = YES;
				CLANG_WARN_BLOCK_CAPTURE_AUTORELEASING = YES;
				CLANG_WARN_BOOL_CONVERSION = YES;
				CLANG_WARN_COMMA = YES;
				CLANG_WARN_CONSTANT_CONVERSION = YES;
				CLANG_WARN_DEPRECATED_OBJC_IMPLEMENTATIONS = YES;
				CLANG_WARN_DIRECT_OBJC_ISA_USAGE = YES_ERROR;
				CLANG_WARN_DOCUMENTATION_COMMENTS = YES;
				CLANG_WARN_EMPTY_BODY = YES;
				CLANG_WARN_ENUM_CONVERSION = YES;
				CLANG_WARN_INFINITE_RECURSION = YES;
				CLANG_WARN_INT_CONVERSION = YES;
				CLANG_WARN_NON_LITERAL_NULL_CONVERSION = YES;
				CLANG_WARN_OBJC_IMPLICIT_RETAIN_SELF = YES;
				CLANG_WARN_OBJC_LITERAL_CONVERSION = YES;
				CLANG_WARN_OBJC_ROOT_CLASS = YES_ERROR;
				CLANG_WARN_RANGE_LOOP_ANALYSIS = YES;
				CLANG_WARN_STRICT_PROTOTYPES = YES;
				CLANG_WARN_SUSPICIOUS_MOVE = YES;
				CLANG_WARN_UNGUARDED_AVAILABILITY = YES_AGGRESSIVE;
				CLANG_WARN_UNREACHABLE_CODE = YES;
				CLANG_WARN__DUPLICATE_METHOD_MATCH = YES;
				COPY_PHASE_STRIP = NO;
				DEBUG_INFORMATION_FORMAT = "dwarf-with-dsym";
				ENABLE_NS_ASSERTIONS = NO;
				ENABLE_STRICT_OBJC_MSGSEND = YES;
				GCC_C_LANGUAGE_STANDARD = gnu11;
				GCC_NO_COMMON_BLOCKS = YES;
				GCC_WARN_64_TO_32_BIT_CONVERSION = YES;
				GCC_WARN_ABOUT_RETURN_TYPE = YES_ERROR;
				GCC_WARN_UNDECLARED_SELECTOR = YES;
				GCC_WARN_UNINITIALIZED_AUTOS = YES_AGGRESSIVE;
				GCC_WARN_UNUSED_FUNCTION = YES;
				GCC_WARN_UNUSED_VARIABLE = YES;
				IPHONEOS_DEPLOYMENT_TARGET = 13.2;
				MTL_ENABLE_DEBUG_INFO = NO;
				MTL_FAST_MATH = YES;
				SDKROOT = iphoneos;
				SWIFT_COMPILATION_MODE = wholemodule;
				SWIFT_OPTIMIZATION_LEVEL = "-O";
				VALIDATE_PRODUCT = YES;
			};
			name = Release;
		};
		26CF03A724858BD4003D1AB7 /* Debug */ = {
			isa = XCBuildConfiguration;
			baseConfigurationReference = C5EAA676D4556433B8BBE7C2 /* Pods-mit-borderline-app.debug.xcconfig */;
			buildSettings = {
				ASSETCATALOG_COMPILER_APPICON_NAME = AppIcon;
				BUILD_LIBRARY_FOR_DISTRIBUTION = NO;
				CODE_SIGN_STYLE = Automatic;
				DEVELOPMENT_TEAM = S9YSFD9YA4;
				INFOPLIST_FILE = "mit-borderline-app/Info.plist";
				LD_RUNPATH_SEARCH_PATHS = (
					"$(inherited)",
					"@executable_path/Frameworks",
				);
				PRODUCT_BUNDLE_IDENTIFIER = "com.eyxiao.mit-borderline-app";
				PRODUCT_NAME = "$(TARGET_NAME)";
				SWIFT_VERSION = 5.0;
				TARGETED_DEVICE_FAMILY = 1;
			};
			name = Debug;
		};
		26CF03A824858BD4003D1AB7 /* Release */ = {
			isa = XCBuildConfiguration;
			baseConfigurationReference = BC240FAED8468D9BA67C432B /* Pods-mit-borderline-app.release.xcconfig */;
			buildSettings = {
				ASSETCATALOG_COMPILER_APPICON_NAME = AppIcon;
				BUILD_LIBRARY_FOR_DISTRIBUTION = NO;
				CODE_SIGN_STYLE = Automatic;
				DEVELOPMENT_TEAM = S9YSFD9YA4;
				INFOPLIST_FILE = "mit-borderline-app/Info.plist";
				LD_RUNPATH_SEARCH_PATHS = (
					"$(inherited)",
					"@executable_path/Frameworks",
				);
				PRODUCT_BUNDLE_IDENTIFIER = "com.eyxiao.mit-borderline-app";
				PRODUCT_NAME = "$(TARGET_NAME)";
				SWIFT_VERSION = 5.0;
				TARGETED_DEVICE_FAMILY = 1;
			};
			name = Release;
		};
		26CF03AA24858BD4003D1AB7 /* Debug */ = {
			isa = XCBuildConfiguration;
			baseConfigurationReference = 9931EC0AAD57202CF642FAED /* Pods-mit-borderline-appTests.debug.xcconfig */;
			buildSettings = {
				ALWAYS_EMBED_SWIFT_STANDARD_LIBRARIES = YES;
				BUNDLE_LOADER = "$(TEST_HOST)";
				CODE_SIGN_STYLE = Automatic;
				INFOPLIST_FILE = "mit-borderline-appTests/Info.plist";
				IPHONEOS_DEPLOYMENT_TARGET = 13.2;
				LD_RUNPATH_SEARCH_PATHS = (
					"$(inherited)",
					"@executable_path/Frameworks",
					"@loader_path/Frameworks",
				);
				PRODUCT_BUNDLE_IDENTIFIER = "com.eyxiao.mit-borderline-appTests";
				PRODUCT_NAME = "$(TARGET_NAME)";
				SWIFT_VERSION = 5.0;
				TARGETED_DEVICE_FAMILY = "1,2";
				TEST_HOST = "$(BUILT_PRODUCTS_DIR)/mit-borderline-app.app/mit-borderline-app";
			};
			name = Debug;
		};
		26CF03AB24858BD4003D1AB7 /* Release */ = {
			isa = XCBuildConfiguration;
			baseConfigurationReference = 6AF639E99591E6D2083CF0CD /* Pods-mit-borderline-appTests.release.xcconfig */;
			buildSettings = {
				ALWAYS_EMBED_SWIFT_STANDARD_LIBRARIES = YES;
				BUNDLE_LOADER = "$(TEST_HOST)";
				CODE_SIGN_STYLE = Automatic;
				INFOPLIST_FILE = "mit-borderline-appTests/Info.plist";
				IPHONEOS_DEPLOYMENT_TARGET = 13.2;
				LD_RUNPATH_SEARCH_PATHS = (
					"$(inherited)",
					"@executable_path/Frameworks",
					"@loader_path/Frameworks",
				);
				PRODUCT_BUNDLE_IDENTIFIER = "com.eyxiao.mit-borderline-appTests";
				PRODUCT_NAME = "$(TARGET_NAME)";
				SWIFT_VERSION = 5.0;
				TARGETED_DEVICE_FAMILY = "1,2";
				TEST_HOST = "$(BUILT_PRODUCTS_DIR)/mit-borderline-app.app/mit-borderline-app";
			};
			name = Release;
		};
		26CF03AD24858BD4003D1AB7 /* Debug */ = {
			isa = XCBuildConfiguration;
			baseConfigurationReference = 951FB6FEFFBA1CFC3C1F8363 /* Pods-mit-borderline-app-mit-borderline-appUITests.debug.xcconfig */;
			buildSettings = {
				ALWAYS_EMBED_SWIFT_STANDARD_LIBRARIES = YES;
				CODE_SIGN_STYLE = Automatic;
				INFOPLIST_FILE = "mit-borderline-appUITests/Info.plist";
				LD_RUNPATH_SEARCH_PATHS = (
					"$(inherited)",
					"@executable_path/Frameworks",
					"@loader_path/Frameworks",
				);
				PRODUCT_BUNDLE_IDENTIFIER = "com.eyxiao.mit-borderline-appUITests";
				PRODUCT_NAME = "$(TARGET_NAME)";
				SWIFT_VERSION = 5.0;
				TARGETED_DEVICE_FAMILY = "1,2";
				TEST_TARGET_NAME = "mit-borderline-app";
			};
			name = Debug;
		};
		26CF03AE24858BD4003D1AB7 /* Release */ = {
			isa = XCBuildConfiguration;
			baseConfigurationReference = 1395538D13F77F1B47FEBFD4 /* Pods-mit-borderline-app-mit-borderline-appUITests.release.xcconfig */;
			buildSettings = {
				ALWAYS_EMBED_SWIFT_STANDARD_LIBRARIES = YES;
				CODE_SIGN_STYLE = Automatic;
				INFOPLIST_FILE = "mit-borderline-appUITests/Info.plist";
				LD_RUNPATH_SEARCH_PATHS = (
					"$(inherited)",
					"@executable_path/Frameworks",
					"@loader_path/Frameworks",
				);
				PRODUCT_BUNDLE_IDENTIFIER = "com.eyxiao.mit-borderline-appUITests";
				PRODUCT_NAME = "$(TARGET_NAME)";
				SWIFT_VERSION = 5.0;
				TARGETED_DEVICE_FAMILY = "1,2";
				TEST_TARGET_NAME = "mit-borderline-app";
			};
			name = Release;
		};
/* End XCBuildConfiguration section */

/* Begin XCConfigurationList section */
		26CF037724858BD2003D1AB7 /* Build configuration list for PBXProject "mit-borderline-app" */ = {
			isa = XCConfigurationList;
			buildConfigurations = (
				26CF03A424858BD4003D1AB7 /* Debug */,
				26CF03A524858BD4003D1AB7 /* Release */,
			);
			defaultConfigurationIsVisible = 0;
			defaultConfigurationName = Release;
		};
		26CF03A624858BD4003D1AB7 /* Build configuration list for PBXNativeTarget "mit-borderline-app" */ = {
			isa = XCConfigurationList;
			buildConfigurations = (
				26CF03A724858BD4003D1AB7 /* Debug */,
				26CF03A824858BD4003D1AB7 /* Release */,
			);
			defaultConfigurationIsVisible = 0;
			defaultConfigurationName = Release;
		};
		26CF03A924858BD4003D1AB7 /* Build configuration list for PBXNativeTarget "mit-borderline-appTests" */ = {
			isa = XCConfigurationList;
			buildConfigurations = (
				26CF03AA24858BD4003D1AB7 /* Debug */,
				26CF03AB24858BD4003D1AB7 /* Release */,
			);
			defaultConfigurationIsVisible = 0;
			defaultConfigurationName = Release;
		};
		26CF03AC24858BD4003D1AB7 /* Build configuration list for PBXNativeTarget "mit-borderline-appUITests" */ = {
			isa = XCConfigurationList;
			buildConfigurations = (
				26CF03AD24858BD4003D1AB7 /* Debug */,
				26CF03AE24858BD4003D1AB7 /* Release */,
			);
			defaultConfigurationIsVisible = 0;
			defaultConfigurationName = Release;
		};
/* End XCConfigurationList section */
	};
	rootObject = 26CF037424858BD2003D1AB7 /* Project object */;
}
